
Microsoft Visual Studio Solution File, Format Version 12.00
# Visual Studio Version 17
VisualStudioVersion = 17.7.34031.279
MinimumVisualStudioVersion = 10.0.40219.1
Project("{2150E333-8FDC-42A3-9474-1A3956D46DE8}") = "src", "src", "{4BD61449-24F4-457B-B466-DE234A44E88A}"
EndProject
Project("{2150E333-8FDC-42A3-9474-1A3956D46DE8}") = "tests", "tests", "{F7524D1C-9B73-4A44-AFA1-CFDB86BD3F1F}"
EndProject
Project("{2150E333-8FDC-42A3-9474-1A3956D46DE8}") = "deploy", "deploy", "{0D3FA00F-3DB6-480E-9A71-6279BE51B57F}"
EndProject
Project("{2150E333-8FDC-42A3-9474-1A3956D46DE8}") = "docs", "docs", "{1C17B52C-0665-4929-A83A-B1CCA02B19DB}"
EndProject
Project("{2150E333-8FDC-42A3-9474-1A3956D46DE8}") = "01 - Architecture", "01 - Architecture", "{C3799E8F-A11D-4A78-83D0-0ACB7B6006CD}"
EndProject
Project("{2150E333-8FDC-42A3-9474-1A3956D46DE8}") = "02 - APIs", "02 - APIs", "{FE514ADA-94A5-4508-B1C4-35EF2E5EE478}"
EndProject
Project("{2150E333-8FDC-42A3-9474-1A3956D46DE8}") = "04 - Web", "04 - Web", "{270CBB52-D9BA-4FE5-8A6E-F10671A2FD65}"
EndProject
Project("{2150E333-8FDC-42A3-9474-1A3956D46DE8}") = "03 - Workers", "03 - Workers", "{CBF59831-58AF-460A-BB10-C25692681BCD}"
EndProject
Project("{2150E333-8FDC-42A3-9474-1A3956D46DE8}") = "Hosts", "Hosts", "{A8AEEE3E-3C63-4C83-AF19-B277639B6398}"
EndProject
Project("{2150E333-8FDC-42A3-9474-1A3956D46DE8}") = "Shared", "Shared", "{C8B63B91-682B-4192-8C0A-072703DF2241}"
EndProject
Project("{2150E333-8FDC-42A3-9474-1A3956D46DE8}") = "Hosts", "Hosts", "{82923A13-E91C-4825-921A-A07C52F2CDDB}"
EndProject
Project("{2150E333-8FDC-42A3-9474-1A3956D46DE8}") = "Shared", "Shared", "{6131E858-E145-4EFD-8070-B5F4B5433AA4}"
EndProject
Project("{FAE04EC0-301F-11D3-BF4B-00C04F79EFBC}") = "EmailMarketing.Architecture.Core", "01 - Architecture\EmailMarketing.Architecture.Core\EmailMarketing.Architecture.Core.csproj", "{9A3BB7C0-6FA5-4AE7-9668-0D1E9D905BF7}"
EndProject
Project("{FAE04EC0-301F-11D3-BF4B-00C04F79EFBC}") = "EmailMarketing.Architecture.Helpers", "01 - Architecture\EmailMarketing.Architecture.Helpers\EmailMarketing.Architecture.Helpers.csproj", "{EF3FAE36-4D1E-409F-A660-972E2F77E456}"
EndProject
Project("{FAE04EC0-301F-11D3-BF4B-00C04F79EFBC}") = "EmailMarketing.API", "02 - APIs\EmailMarketing.API\EmailMarketing.API.csproj", "{9DD60B5D-A128-4FF5-811F-CA469E5AF4C6}"
EndProject
Project("{FAE04EC0-301F-11D3-BF4B-00C04F79EFBC}") = "EmailMarketing.Application", "02 - APIs\EmailMarketing.Application\EmailMarketing.Application.csproj", "{096F779E-A1A9-41FF-ABCA-E4BF0D719652}"
EndProject
Project("{FAE04EC0-301F-11D3-BF4B-00C04F79EFBC}") = "EmailMarketing.Domain", "02 - APIs\EmailMarketing.Domain\EmailMarketing.Domain.csproj", "{63ADE0A1-C424-46A7-9AF1-1E10354D4F3F}"
EndProject
Project("{FAE04EC0-301F-11D3-BF4B-00C04F79EFBC}") = "EmailMarketing.Infra", "02 - APIs\EmailMarketing.Infra\EmailMarketing.Infra.csproj", "{8C1DFA2D-85AF-4A33-B089-71160EBFE2EC}"
EndProject
Global
	GlobalSection(SolutionConfigurationPlatforms) = preSolution
		Debug|Any CPU = Debug|Any CPU
		Release|Any CPU = Release|Any CPU
	EndGlobalSection
	GlobalSection(ProjectConfigurationPlatforms) = postSolution
		{9A3BB7C0-6FA5-4AE7-9668-0D1E9D905BF7}.Debug|Any CPU.ActiveCfg = Debug|Any CPU
		{9A3BB7C0-6FA5-4AE7-9668-0D1E9D905BF7}.Debug|Any CPU.Build.0 = Debug|Any CPU
		{9A3BB7C0-6FA5-4AE7-9668-0D1E9D905BF7}.Release|Any CPU.ActiveCfg = Release|Any CPU
		{9A3BB7C0-6FA5-4AE7-9668-0D1E9D905BF7}.Release|Any CPU.Build.0 = Release|Any CPU
		{EF3FAE36-4D1E-409F-A660-972E2F77E456}.Debug|Any CPU.ActiveCfg = Debug|Any CPU
		{EF3FAE36-4D1E-409F-A660-972E2F77E456}.Debug|Any CPU.Build.0 = Debug|Any CPU
		{EF3FAE36-4D1E-409F-A660-972E2F77E456}.Release|Any CPU.ActiveCfg = Release|Any CPU
		{EF3FAE36-4D1E-409F-A660-972E2F77E456}.Release|Any CPU.Build.0 = Release|Any CPU
		{9DD60B5D-A128-4FF5-811F-CA469E5AF4C6}.Debug|Any CPU.ActiveCfg = Debug|Any CPU
		{9DD60B5D-A128-4FF5-811F-CA469E5AF4C6}.Debug|Any CPU.Build.0 = Debug|Any CPU
		{9DD60B5D-A128-4FF5-811F-CA469E5AF4C6}.Release|Any CPU.ActiveCfg = Release|Any CPU
		{9DD60B5D-A128-4FF5-811F-CA469E5AF4C6}.Release|Any CPU.Build.0 = Release|Any CPU
		{096F779E-A1A9-41FF-ABCA-E4BF0D719652}.Debug|Any CPU.ActiveCfg = Debug|Any CPU
		{096F779E-A1A9-41FF-ABCA-E4BF0D719652}.Debug|Any CPU.Build.0 = Debug|Any CPU
		{096F779E-A1A9-41FF-ABCA-E4BF0D719652}.Release|Any CPU.ActiveCfg = Release|Any CPU
		{096F779E-A1A9-41FF-ABCA-E4BF0D719652}.Release|Any CPU.Build.0 = Release|Any CPU
		{63ADE0A1-C424-46A7-9AF1-1E10354D4F3F}.Debug|Any CPU.ActiveCfg = Debug|Any CPU
		{63ADE0A1-C424-46A7-9AF1-1E10354D4F3F}.Debug|Any CPU.Build.0 = Debug|Any CPU
		{63ADE0A1-C424-46A7-9AF1-1E10354D4F3F}.Release|Any CPU.ActiveCfg = Release|Any CPU
		{63ADE0A1-C424-46A7-9AF1-1E10354D4F3F}.Release|Any CPU.Build.0 = Release|Any CPU
		{8C1DFA2D-85AF-4A33-B089-71160EBFE2EC}.Debug|Any CPU.ActiveCfg = Debug|Any CPU
		{8C1DFA2D-85AF-4A33-B089-71160EBFE2EC}.Debug|Any CPU.Build.0 = Debug|Any CPU
		{8C1DFA2D-85AF-4A33-B089-71160EBFE2EC}.Release|Any CPU.ActiveCfg = Release|Any CPU
		{8C1DFA2D-85AF-4A33-B089-71160EBFE2EC}.Release|Any CPU.Build.0 = Release|Any CPU
	EndGlobalSection
	GlobalSection(SolutionProperties) = preSolution
		HideSolutionNode = FALSE
	EndGlobalSection
	GlobalSection(NestedProjects) = preSolution
		{C3799E8F-A11D-4A78-83D0-0ACB7B6006CD} = {4BD61449-24F4-457B-B466-DE234A44E88A}
		{FE514ADA-94A5-4508-B1C4-35EF2E5EE478} = {4BD61449-24F4-457B-B466-DE234A44E88A}
		{270CBB52-D9BA-4FE5-8A6E-F10671A2FD65} = {4BD61449-24F4-457B-B466-DE234A44E88A}
		{CBF59831-58AF-460A-BB10-C25692681BCD} = {4BD61449-24F4-457B-B466-DE234A44E88A}
		{A8AEEE3E-3C63-4C83-AF19-B277639B6398} = {FE514ADA-94A5-4508-B1C4-35EF2E5EE478}
		{C8B63B91-682B-4192-8C0A-072703DF2241} = {FE514ADA-94A5-4508-B1C4-35EF2E5EE478}
		{82923A13-E91C-4825-921A-A07C52F2CDDB} = {CBF59831-58AF-460A-BB10-C25692681BCD}
		{6131E858-E145-4EFD-8070-B5F4B5433AA4} = {CBF59831-58AF-460A-BB10-C25692681BCD}
		{9A3BB7C0-6FA5-4AE7-9668-0D1E9D905BF7} = {C3799E8F-A11D-4A78-83D0-0ACB7B6006CD}
		{EF3FAE36-4D1E-409F-A660-972E2F77E456} = {C3799E8F-A11D-4A78-83D0-0ACB7B6006CD}
		{9DD60B5D-A128-4FF5-811F-CA469E5AF4C6} = {A8AEEE3E-3C63-4C83-AF19-B277639B6398}
		{096F779E-A1A9-41FF-ABCA-E4BF0D719652} = {C8B63B91-682B-4192-8C0A-072703DF2241}
		{63ADE0A1-C424-46A7-9AF1-1E10354D4F3F} = {C8B63B91-682B-4192-8C0A-072703DF2241}
		{8C1DFA2D-85AF-4A33-B089-71160EBFE2EC} = {C8B63B91-682B-4192-8C0A-072703DF2241}
	EndGlobalSection
	GlobalSection(ExtensibilityGlobals) = postSolution
		SolutionGuid = {3E5B226C-DED4-48C0-AC4F-F9AFDDBD578E}
	EndGlobalSection
EndGlobal
